<?xml version="1.0" encoding="UTF-8" standalone="yes" ?>
<CodeBlocks_project_file>
   <FileVersion major="1" minor="6" />
   <Project>
      <Option title="RemoteVision" />
      <Option makefile_is_custom="1" />
      <Option compiler="gcc" />
      <Option virtualFolders="CMake Files\;CMake Files\..\;CMake Files\..\..\;CMake Files\..\..\..\;CMake Files\..\..\..\..\;CMake Files\..\..\..\..\.cache\;CMake Files\..\..\..\..\.cache\qi\;CMake Files\..\..\..\..\.cache\qi\toolchains\;CMake Files\..\..\..\..\.cache\qi\toolchains\tc\;CMake Files\..\..\..\..\..\;CMake Files\..\..\..\..\..\..\;CMake Files\..\..\..\..\..\..\usr\;CMake Files\..\..\..\..\..\..\usr\local\;CMake Files\..\..\..\..\..\..\usr\local\share\;CMake Files\..\..\..\..\..\..\usr\local\share\cmake\;CMake Files\..\..\..\..\..\..\usr\local\share\cmake\qibuild\;CMake Files\..\..\..\..\..\..\usr\local\share\cmake\qibuild\internal\;CMake Files\build-tc\;" />
      <Build>
      <Target title="all">
         <Option working_dir="/home/dmenager/NAO/AE 756 Worktree/remoteVision/RemoteVision/build-tc" />
         <Option type="4" />
         <MakeCommands>
            <Build command="/usr/bin/make -f &quot;/home/dmenager/NAO/AE\ 756\ Worktree/remoteVision/RemoteVision/build-tc/Makefile&quot;  VERBOSE=1 all" />
            <CompileFile command="/usr/bin/make -f &quot;/home/dmenager/NAO/AE\ 756\ Worktree/remoteVision/RemoteVision/build-tc/Makefile&quot;  VERBOSE=1 &quot;$file&quot;" />
            <Clean command="/usr/bin/make -f &quot;/home/dmenager/NAO/AE\ 756\ Worktree/remoteVision/RemoteVision/build-tc/Makefile&quot;  VERBOSE=1 clean" />
            <DistClean command="/usr/bin/make -f &quot;/home/dmenager/NAO/AE\ 756\ Worktree/remoteVision/RemoteVision/build-tc/Makefile&quot;  VERBOSE=1 clean" />
         </MakeCommands>
      </Target>
      <Target title="RemoteVision">
         <Option output="/home/dmenager/NAO/AE 756 Worktree/remoteVision/RemoteVision/build-tc/sdk/bin/RemoteVision" prefix_auto="0" extension_auto="0" />
         <Option working_dir="/home/dmenager/NAO/AE 756 Worktree/remoteVision/RemoteVision/build-tc" />
         <Option object_output="./" />
         <Option type="1" />
         <Option compiler="gcc" />
         <Compiler>
            <Add directory="/home/dmenager/NAO/SDK/include" />
            <Add directory="/home/dmenager/NAO/SDK/include/alsoap" />
            <Add directory="/home/dmenager/NAO/SDK/include/soap" />
         </Compiler>
         <MakeCommands>
            <Build command="/usr/bin/make -f &quot;/home/dmenager/NAO/AE\ 756\ Worktree/remoteVision/RemoteVision/build-tc/Makefile&quot;  VERBOSE=1 RemoteVision" />
            <CompileFile command="/usr/bin/make -f &quot;/home/dmenager/NAO/AE\ 756\ Worktree/remoteVision/RemoteVision/build-tc/Makefile&quot;  VERBOSE=1 &quot;$file&quot;" />
            <Clean command="/usr/bin/make -f &quot;/home/dmenager/NAO/AE\ 756\ Worktree/remoteVision/RemoteVision/build-tc/Makefile&quot;  VERBOSE=1 clean" />
            <DistClean command="/usr/bin/make -f &quot;/home/dmenager/NAO/AE\ 756\ Worktree/remoteVision/RemoteVision/build-tc/Makefile&quot;  VERBOSE=1 clean" />
         </MakeCommands>
      </Target>
      <Target title="RemoteVision/fast">
         <Option output="/home/dmenager/NAO/AE 756 Worktree/remoteVision/RemoteVision/build-tc/sdk/bin/RemoteVision" prefix_auto="0" extension_auto="0" />
         <Option working_dir="/home/dmenager/NAO/AE 756 Worktree/remoteVision/RemoteVision/build-tc" />
         <Option object_output="./" />
         <Option type="1" />
         <Option compiler="gcc" />
         <Compiler>
            <Add directory="/home/dmenager/NAO/SDK/include" />
            <Add directory="/home/dmenager/NAO/SDK/include/alsoap" />
            <Add directory="/home/dmenager/NAO/SDK/include/soap" />
         </Compiler>
         <MakeCommands>
            <Build command="/usr/bin/make -f &quot;/home/dmenager/NAO/AE\ 756\ Worktree/remoteVision/RemoteVision/build-tc/Makefile&quot;  VERBOSE=1 RemoteVision/fast" />
            <CompileFile command="/usr/bin/make -f &quot;/home/dmenager/NAO/AE\ 756\ Worktree/remoteVision/RemoteVision/build-tc/Makefile&quot;  VERBOSE=1 &quot;$file&quot;" />
            <Clean command="/usr/bin/make -f &quot;/home/dmenager/NAO/AE\ 756\ Worktree/remoteVision/RemoteVision/build-tc/Makefile&quot;  VERBOSE=1 clean" />
            <DistClean command="/usr/bin/make -f &quot;/home/dmenager/NAO/AE\ 756\ Worktree/remoteVision/RemoteVision/build-tc/Makefile&quot;  VERBOSE=1 clean" />
         </MakeCommands>
      </Target>
      <Target title="install">
         <Option working_dir="/home/dmenager/NAO/AE 756 Worktree/remoteVision/RemoteVision/build-tc" />
         <Option type="4" />
         <MakeCommands>
            <Build command="/usr/bin/make -f &quot;/home/dmenager/NAO/AE\ 756\ Worktree/remoteVision/RemoteVision/build-tc/Makefile&quot;  VERBOSE=1 install" />
            <CompileFile command="/usr/bin/make -f &quot;/home/dmenager/NAO/AE\ 756\ Worktree/remoteVision/RemoteVision/build-tc/Makefile&quot;  VERBOSE=1 &quot;$file&quot;" />
            <Clean command="/usr/bin/make -f &quot;/home/dmenager/NAO/AE\ 756\ Worktree/remoteVision/RemoteVision/build-tc/Makefile&quot;  VERBOSE=1 clean" />
            <DistClean command="/usr/bin/make -f &quot;/home/dmenager/NAO/AE\ 756\ Worktree/remoteVision/RemoteVision/build-tc/Makefile&quot;  VERBOSE=1 clean" />
         </MakeCommands>
      </Target>
      <Target title="install/local">
         <Option working_dir="/home/dmenager/NAO/AE 756 Worktree/remoteVision/RemoteVision/build-tc" />
         <Option type="4" />
         <MakeCommands>
            <Build command="/usr/bin/make -f &quot;/home/dmenager/NAO/AE\ 756\ Worktree/remoteVision/RemoteVision/build-tc/Makefile&quot;  VERBOSE=1 install/local" />
            <CompileFile command="/usr/bin/make -f &quot;/home/dmenager/NAO/AE\ 756\ Worktree/remoteVision/RemoteVision/build-tc/Makefile&quot;  VERBOSE=1 &quot;$file&quot;" />
            <Clean command="/usr/bin/make -f &quot;/home/dmenager/NAO/AE\ 756\ Worktree/remoteVision/RemoteVision/build-tc/Makefile&quot;  VERBOSE=1 clean" />
            <DistClean command="/usr/bin/make -f &quot;/home/dmenager/NAO/AE\ 756\ Worktree/remoteVision/RemoteVision/build-tc/Makefile&quot;  VERBOSE=1 clean" />
         </MakeCommands>
      </Target>
      <Target title="install/strip">
         <Option working_dir="/home/dmenager/NAO/AE 756 Worktree/remoteVision/RemoteVision/build-tc" />
         <Option type="4" />
         <MakeCommands>
            <Build command="/usr/bin/make -f &quot;/home/dmenager/NAO/AE\ 756\ Worktree/remoteVision/RemoteVision/build-tc/Makefile&quot;  VERBOSE=1 install/strip" />
            <CompileFile command="/usr/bin/make -f &quot;/home/dmenager/NAO/AE\ 756\ Worktree/remoteVision/RemoteVision/build-tc/Makefile&quot;  VERBOSE=1 &quot;$file&quot;" />
            <Clean command="/usr/bin/make -f &quot;/home/dmenager/NAO/AE\ 756\ Worktree/remoteVision/RemoteVision/build-tc/Makefile&quot;  VERBOSE=1 clean" />
            <DistClean command="/usr/bin/make -f &quot;/home/dmenager/NAO/AE\ 756\ Worktree/remoteVision/RemoteVision/build-tc/Makefile&quot;  VERBOSE=1 clean" />
         </MakeCommands>
      </Target>
      <Target title="list_install_components">
         <Option working_dir="/home/dmenager/NAO/AE 756 Worktree/remoteVision/RemoteVision/build-tc" />
         <Option type="4" />
         <MakeCommands>
            <Build command="/usr/bin/make -f &quot;/home/dmenager/NAO/AE\ 756\ Worktree/remoteVision/RemoteVision/build-tc/Makefile&quot;  VERBOSE=1 list_install_components" />
            <CompileFile command="/usr/bin/make -f &quot;/home/dmenager/NAO/AE\ 756\ Worktree/remoteVision/RemoteVision/build-tc/Makefile&quot;  VERBOSE=1 &quot;$file&quot;" />
            <Clean command="/usr/bin/make -f &quot;/home/dmenager/NAO/AE\ 756\ Worktree/remoteVision/RemoteVision/build-tc/Makefile&quot;  VERBOSE=1 clean" />
            <DistClean command="/usr/bin/make -f &quot;/home/dmenager/NAO/AE\ 756\ Worktree/remoteVision/RemoteVision/build-tc/Makefile&quot;  VERBOSE=1 clean" />
         </MakeCommands>
      </Target>
      <Target title="rebuild_cache">
         <Option working_dir="/home/dmenager/NAO/AE 756 Worktree/remoteVision/RemoteVision/build-tc" />
         <Option type="4" />
         <MakeCommands>
            <Build command="/usr/bin/make -f &quot;/home/dmenager/NAO/AE\ 756\ Worktree/remoteVision/RemoteVision/build-tc/Makefile&quot;  VERBOSE=1 rebuild_cache" />
            <CompileFile command="/usr/bin/make -f &quot;/home/dmenager/NAO/AE\ 756\ Worktree/remoteVision/RemoteVision/build-tc/Makefile&quot;  VERBOSE=1 &quot;$file&quot;" />
            <Clean command="/usr/bin/make -f &quot;/home/dmenager/NAO/AE\ 756\ Worktree/remoteVision/RemoteVision/build-tc/Makefile&quot;  VERBOSE=1 clean" />
            <DistClean command="/usr/bin/make -f &quot;/home/dmenager/NAO/AE\ 756\ Worktree/remoteVision/RemoteVision/build-tc/Makefile&quot;  VERBOSE=1 clean" />
         </MakeCommands>
      </Target>
      <Target title="test">
         <Option working_dir="/home/dmenager/NAO/AE 756 Worktree/remoteVision/RemoteVision/build-tc" />
         <Option type="4" />
         <MakeCommands>
            <Build command="/usr/bin/make -f &quot;/home/dmenager/NAO/AE\ 756\ Worktree/remoteVision/RemoteVision/build-tc/Makefile&quot;  VERBOSE=1 test" />
            <CompileFile command="/usr/bin/make -f &quot;/home/dmenager/NAO/AE\ 756\ Worktree/remoteVision/RemoteVision/build-tc/Makefile&quot;  VERBOSE=1 &quot;$file&quot;" />
            <Clean command="/usr/bin/make -f &quot;/home/dmenager/NAO/AE\ 756\ Worktree/remoteVision/RemoteVision/build-tc/Makefile&quot;  VERBOSE=1 clean" />
            <DistClean command="/usr/bin/make -f &quot;/home/dmenager/NAO/AE\ 756\ Worktree/remoteVision/RemoteVision/build-tc/Makefile&quot;  VERBOSE=1 clean" />
         </MakeCommands>
      </Target>
      <Target title="test_RemoteVision">
         <Option output="/home/dmenager/NAO/AE 756 Worktree/remoteVision/RemoteVision/build-tc/sdk/bin/test_RemoteVision" prefix_auto="0" extension_auto="0" />
         <Option working_dir="/home/dmenager/NAO/AE 756 Worktree/remoteVision/RemoteVision/build-tc" />
         <Option object_output="./" />
         <Option type="1" />
         <Option compiler="gcc" />
         <Compiler>
            <Add directory="/home/dmenager/NAO/SDK/include" />
            <Add directory="/home/dmenager/NAO/SDK/include/alsoap" />
            <Add directory="/home/dmenager/NAO/SDK/include/soap" />
         </Compiler>
         <MakeCommands>
            <Build command="/usr/bin/make -f &quot;/home/dmenager/NAO/AE\ 756\ Worktree/remoteVision/RemoteVision/build-tc/Makefile&quot;  VERBOSE=1 test_RemoteVision" />
            <CompileFile command="/usr/bin/make -f &quot;/home/dmenager/NAO/AE\ 756\ Worktree/remoteVision/RemoteVision/build-tc/Makefile&quot;  VERBOSE=1 &quot;$file&quot;" />
            <Clean command="/usr/bin/make -f &quot;/home/dmenager/NAO/AE\ 756\ Worktree/remoteVision/RemoteVision/build-tc/Makefile&quot;  VERBOSE=1 clean" />
            <DistClean command="/usr/bin/make -f &quot;/home/dmenager/NAO/AE\ 756\ Worktree/remoteVision/RemoteVision/build-tc/Makefile&quot;  VERBOSE=1 clean" />
         </MakeCommands>
      </Target>
      <Target title="test_RemoteVision/fast">
         <Option output="/home/dmenager/NAO/AE 756 Worktree/remoteVision/RemoteVision/build-tc/sdk/bin/test_RemoteVision" prefix_auto="0" extension_auto="0" />
         <Option working_dir="/home/dmenager/NAO/AE 756 Worktree/remoteVision/RemoteVision/build-tc" />
         <Option object_output="./" />
         <Option type="1" />
         <Option compiler="gcc" />
         <Compiler>
            <Add directory="/home/dmenager/NAO/SDK/include" />
            <Add directory="/home/dmenager/NAO/SDK/include/alsoap" />
            <Add directory="/home/dmenager/NAO/SDK/include/soap" />
         </Compiler>
         <MakeCommands>
            <Build command="/usr/bin/make -f &quot;/home/dmenager/NAO/AE\ 756\ Worktree/remoteVision/RemoteVision/build-tc/Makefile&quot;  VERBOSE=1 test_RemoteVision/fast" />
            <CompileFile command="/usr/bin/make -f &quot;/home/dmenager/NAO/AE\ 756\ Worktree/remoteVision/RemoteVision/build-tc/Makefile&quot;  VERBOSE=1 &quot;$file&quot;" />
            <Clean command="/usr/bin/make -f &quot;/home/dmenager/NAO/AE\ 756\ Worktree/remoteVision/RemoteVision/build-tc/Makefile&quot;  VERBOSE=1 clean" />
            <DistClean command="/usr/bin/make -f &quot;/home/dmenager/NAO/AE\ 756\ Worktree/remoteVision/RemoteVision/build-tc/Makefile&quot;  VERBOSE=1 clean" />
         </MakeCommands>
      </Target>
      </Build>
      <Unit filename="/home/dmenager/NAO/AE 756 Worktree/remoteVision/RemoteVision/avcaptureremote.cpp">
      </Unit>
      <Unit filename="/home/dmenager/NAO/AE 756 Worktree/remoteVision/RemoteVision/main.cpp">
      </Unit>
      <Unit filename="/home/dmenager/NAO/AE 756 Worktree/remoteVision/RemoteVision/test.cpp">
      </Unit>
      <Unit filename="/home/dmenager/NAO/AE 756 Worktree/remoteVision/RemoteVision/avcaptureremote.h">
      </Unit>
      <Unit filename="/home/dmenager/NAO/AE 756 Worktree/remoteVision/RemoteVision/CMakeLists.txt">
          <Option virtualFolder="CMake Files\" />
      </Unit>
      <Unit filename="/home/dmenager/NAO/AE 756 Worktree/remoteVision/RemoteVision/../../../../.cache/qi/toolchains/tc/toolchain-tc.cmake">
          <Option virtualFolder="CMake Files\..\..\..\..\.cache\qi\toolchains\tc\" />
      </Unit>
      <Unit filename="/home/dmenager/NAO/AE 756 Worktree/remoteVision/RemoteVision/../../../../../../usr/local/share/cmake/qibuild/qibuild-config.cmake">
          <Option virtualFolder="CMake Files\..\..\..\..\..\..\usr\local\share\cmake\qibuild\" />
      </Unit>
      <Unit filename="/home/dmenager/NAO/AE 756 Worktree/remoteVision/RemoteVision/../../../../../../usr/local/share/cmake/qibuild/general.cmake">
          <Option virtualFolder="CMake Files\..\..\..\..\..\..\usr\local\share\cmake\qibuild\" />
      </Unit>
      <Unit filename="/home/dmenager/NAO/AE 756 Worktree/remoteVision/RemoteVision/../../../../../../usr/local/share/cmake/qibuild/version.cmake">
          <Option virtualFolder="CMake Files\..\..\..\..\..\..\usr\local\share\cmake\qibuild\" />
      </Unit>
      <Unit filename="/home/dmenager/NAO/AE 756 Worktree/remoteVision/RemoteVision/../../../../../../usr/local/share/cmake/qibuild/log.cmake">
          <Option virtualFolder="CMake Files\..\..\..\..\..\..\usr\local\share\cmake\qibuild\" />
      </Unit>
      <Unit filename="/home/dmenager/NAO/AE 756 Worktree/remoteVision/RemoteVision/../../../../../../usr/local/share/cmake/qibuild/set.cmake">
          <Option virtualFolder="CMake Files\..\..\..\..\..\..\usr\local\share\cmake\qibuild\" />
      </Unit>
      <Unit filename="/home/dmenager/NAO/AE 756 Worktree/remoteVision/RemoteVision/../../../../../../usr/local/share/cmake/qibuild/subdirectory.cmake">
          <Option virtualFolder="CMake Files\..\..\..\..\..\..\usr\local\share\cmake\qibuild\" />
      </Unit>
      <Unit filename="/home/dmenager/NAO/AE 756 Worktree/remoteVision/RemoteVision/../../../../../../usr/local/share/cmake/qibuild/python.cmake">
          <Option virtualFolder="CMake Files\..\..\..\..\..\..\usr\local\share\cmake\qibuild\" />
      </Unit>
      <Unit filename="/home/dmenager/NAO/AE 756 Worktree/remoteVision/RemoteVision/../../../../../../usr/local/share/cmake/qibuild/find.cmake">
          <Option virtualFolder="CMake Files\..\..\..\..\..\..\usr\local\share\cmake\qibuild\" />
      </Unit>
      <Unit filename="/home/dmenager/NAO/AE 756 Worktree/remoteVision/RemoteVision/../../../../../../usr/local/share/cmake/qibuild/flags.cmake">
          <Option virtualFolder="CMake Files\..\..\..\..\..\..\usr\local\share\cmake\qibuild\" />
      </Unit>
      <Unit filename="/home/dmenager/NAO/AE 756 Worktree/remoteVision/RemoteVision/../../../../../../usr/local/share/cmake/qibuild/tests.cmake">
          <Option virtualFolder="CMake Files\..\..\..\..\..\..\usr\local\share\cmake\qibuild\" />
      </Unit>
      <Unit filename="/home/dmenager/NAO/AE 756 Worktree/remoteVision/RemoteVision/../../../../../../usr/local/share/cmake/qibuild/install.cmake">
          <Option virtualFolder="CMake Files\..\..\..\..\..\..\usr\local\share\cmake\qibuild\" />
      </Unit>
      <Unit filename="/home/dmenager/NAO/AE 756 Worktree/remoteVision/RemoteVision/../../../../../../usr/local/share/cmake/qibuild/target.cmake">
          <Option virtualFolder="CMake Files\..\..\..\..\..\..\usr\local\share\cmake\qibuild\" />
      </Unit>
      <Unit filename="/home/dmenager/NAO/AE 756 Worktree/remoteVision/RemoteVision/../../../../../../usr/local/share/cmake/qibuild/submodule.cmake">
          <Option virtualFolder="CMake Files\..\..\..\..\..\..\usr\local\share\cmake\qibuild\" />
      </Unit>
      <Unit filename="/home/dmenager/NAO/AE 756 Worktree/remoteVision/RemoteVision/../../../../../../usr/local/share/cmake/qibuild/stage.cmake">
          <Option virtualFolder="CMake Files\..\..\..\..\..\..\usr\local\share\cmake\qibuild\" />
      </Unit>
      <Unit filename="/home/dmenager/NAO/AE 756 Worktree/remoteVision/RemoteVision/../../../../../../usr/local/share/cmake/qibuild/option.cmake">
          <Option virtualFolder="CMake Files\..\..\..\..\..\..\usr\local\share\cmake\qibuild\" />
      </Unit>
      <Unit filename="/home/dmenager/NAO/AE 756 Worktree/remoteVision/RemoteVision/../../../../../../usr/local/share/cmake/qibuild/codegen.cmake">
          <Option virtualFolder="CMake Files\..\..\..\..\..\..\usr\local\share\cmake\qibuild\" />
      </Unit>
      <Unit filename="/home/dmenager/NAO/AE 756 Worktree/remoteVision/RemoteVision/../../../../../../usr/local/share/cmake/qibuild/perf.cmake">
          <Option virtualFolder="CMake Files\..\..\..\..\..\..\usr\local\share\cmake\qibuild\" />
      </Unit>
      <Unit filename="/home/dmenager/NAO/AE 756 Worktree/remoteVision/RemoteVision/../../../../../../usr/local/share/cmake/qibuild/gettext.cmake">
          <Option virtualFolder="CMake Files\..\..\..\..\..\..\usr\local\share\cmake\qibuild\" />
      </Unit>
      <Unit filename="/home/dmenager/NAO/AE 756 Worktree/remoteVision/RemoteVision/../../../../../../usr/local/share/cmake/qibuild/internal/layout.cmake">
          <Option virtualFolder="CMake Files\..\..\..\..\..\..\usr\local\share\cmake\qibuild\internal\" />
      </Unit>
      <Unit filename="/home/dmenager/NAO/AE 756 Worktree/remoteVision/RemoteVision/../../../../../../usr/local/share/cmake/qibuild/internal/install.cmake">
          <Option virtualFolder="CMake Files\..\..\..\..\..\..\usr\local\share\cmake\qibuild\internal\" />
      </Unit>
      <Unit filename="/home/dmenager/NAO/AE 756 Worktree/remoteVision/RemoteVision/../../../../../../usr/local/share/cmake/qibuild/internal/glob.cmake">
          <Option virtualFolder="CMake Files\..\..\..\..\..\..\usr\local\share\cmake\qibuild\internal\" />
      </Unit>
      <Unit filename="/home/dmenager/NAO/AE 756 Worktree/remoteVision/RemoteVision/../../../../../../usr/local/share/cmake/qibuild/internal/stage.cmake">
          <Option virtualFolder="CMake Files\..\..\..\..\..\..\usr\local\share\cmake\qibuild\internal\" />
      </Unit>
      <Unit filename="/home/dmenager/NAO/AE 756 Worktree/remoteVision/RemoteVision/../../../../../../usr/local/share/cmake/qibuild/internal/uselib.cmake">
          <Option virtualFolder="CMake Files\..\..\..\..\..\..\usr\local\share\cmake\qibuild\internal\" />
      </Unit>
      <Unit filename="/home/dmenager/NAO/AE 756 Worktree/remoteVision/RemoteVision/../../../../../../usr/local/share/cmake/qibuild/internal/list.cmake">
          <Option virtualFolder="CMake Files\..\..\..\..\..\..\usr\local\share\cmake\qibuild\internal\" />
      </Unit>
      <Unit filename="/home/dmenager/NAO/AE 756 Worktree/remoteVision/RemoteVision/build-tc/dependencies.cmake">
          <Option virtualFolder="CMake Files\build-tc\" />
      </Unit>
   </Project>
</CodeBlocks_project_file>
